
Microsoft Visual Studio Solution File, Format Version 12.00
# Visual Studio 15
VisualStudioVersion = 15.0.27130.2010
MinimumVisualStudioVersion = 10.0.40219.1
Project("{FAE04EC0-301F-11D3-BF4B-00C04F79EFBC}") = "Tokenizer", "Tokenizer\Tokenizer.csproj", "{7B036E14-0274-4C9F-ADDE-C10544C0E255}"
EndProject
Project("{FAE04EC0-301F-11D3-BF4B-00C04F79EFBC}") = "SemiExpression", "SemiExpression\SemiExpression.csproj", "{ACAAFF2A-A093-4F76-AB38-5A99AF2296AA}"
	ProjectSection(ProjectDependencies) = postProject
		{7B036E14-0274-4C9F-ADDE-C10544C0E255} = {7B036E14-0274-4C9F-ADDE-C10544C0E255}
	EndProjectSection
EndProject
Project("{FAE04EC0-301F-11D3-BF4B-00C04F79EFBC}") = "LexicalScannerTester", "LexicalScannerTester\LexicalScannerTester.csproj", "{BED27640-341B-4CC0-8FF5-F506DF4FBB74}"
EndProject
Global
	GlobalSection(SolutionConfigurationPlatforms) = preSolution
		Debug|Any CPU = Debug|Any CPU
		Release|Any CPU = Release|Any CPU
	EndGlobalSection
	GlobalSection(ProjectConfigurationPlatforms) = postSolution
		{7B036E14-0274-4C9F-ADDE-C10544C0E255}.Debug|Any CPU.ActiveCfg = Debug|Any CPU
		{7B036E14-0274-4C9F-ADDE-C10544C0E255}.Debug|Any CPU.Build.0 = Debug|Any CPU
		{7B036E14-0274-4C9F-ADDE-C10544C0E255}.Release|Any CPU.ActiveCfg = Release|Any CPU
		{7B036E14-0274-4C9F-ADDE-C10544C0E255}.Release|Any CPU.Build.0 = Release|Any CPU
		{ACAAFF2A-A093-4F76-AB38-5A99AF2296AA}.Debug|Any CPU.ActiveCfg = Debug|Any CPU
		{ACAAFF2A-A093-4F76-AB38-5A99AF2296AA}.Debug|Any CPU.Build.0 = Debug|Any CPU
		{ACAAFF2A-A093-4F76-AB38-5A99AF2296AA}.Release|Any CPU.ActiveCfg = Release|Any CPU
		{ACAAFF2A-A093-4F76-AB38-5A99AF2296AA}.Release|Any CPU.Build.0 = Release|Any CPU
		{BED27640-341B-4CC0-8FF5-F506DF4FBB74}.Debug|Any CPU.ActiveCfg = Debug|Any CPU
		{BED27640-341B-4CC0-8FF5-F506DF4FBB74}.Debug|Any CPU.Build.0 = Debug|Any CPU
		{BED27640-341B-4CC0-8FF5-F506DF4FBB74}.Release|Any CPU.ActiveCfg = Release|Any CPU
		{BED27640-341B-4CC0-8FF5-F506DF4FBB74}.Release|Any CPU.Build.0 = Release|Any CPU
	EndGlobalSection
	GlobalSection(SolutionProperties) = preSolution
		HideSolutionNode = FALSE
	EndGlobalSection
	GlobalSection(ExtensibilityGlobals) = postSolution
		SolutionGuid = {40C48416-2F71-4A96-8588-C11BC1A86E4C}
	EndGlobalSection
EndGlobal
